
Microsoft Visual Studio Solution File, Format Version 11.00
# Visual Studio 2010
Project("{FAE04EC0-301F-11D3-BF4B-00C04F79EFBC}") = "Assembly-CSharp", "Assembly-CSharp.csproj", "{78677a11-258a-124e-5a35-83967edbb7b6}"
EndProject
Project("{FAE04EC0-301F-11D3-BF4B-00C04F79EFBC}") = "Sirenix.OdinInspector.Modules.UnityMathematics", "Sirenix.OdinInspector.Modules.UnityMathematics.csproj", "{5031a36d-51a6-00a3-da54-0900ddc8f2b4}"
EndProject
Global
	GlobalSection(SolutionConfigurationPlatforms) = preSolution
		Debug|Any CPU = Debug|Any CPU
	EndGlobalSection
	GlobalSection(ProjectConfigurationPlatforms) = postSolution
		{78677a11-258a-124e-5a35-83967edbb7b6}.Debug|Any CPU.ActiveCfg = Debug|Any CPU
		{78677a11-258a-124e-5a35-83967edbb7b6}.Debug|Any CPU.Build.0 = Debug|Any CPU
		{5031a36d-51a6-00a3-da54-0900ddc8f2b4}.Debug|Any CPU.ActiveCfg = Debug|Any CPU
		{5031a36d-51a6-00a3-da54-0900ddc8f2b4}.Debug|Any CPU.Build.0 = Debug|Any CPU
	EndGlobalSection
	GlobalSection(SolutionProperties) = preSolution
		HideSolutionNode = FALSE
	EndGlobalSection
EndGlobal
